{
  "name": "gp",
  "lockfileVersion": 3,
  "requires": true,
  "packages": {
    "": {
      "dependencies": {
        "gltfpack": "^0.24.0"
      }
    },
    "node_modules/gltfpack": {
      "version": "0.24.0",
      "resolved": "https://registry.npmjs.org/gltfpack/-/gltfpack-0.24.0.tgz",
      "integrity": "sha512-IV+ykiSebCqsSsHM65vZZV2TSWPGNudn9a07dPLYUJ1wmBattF1vNIdZzgAuwfZEPKhg2mQFsIJAXANYfYM50w==",
      "license": "MIT",
      "bin": {
        "gltfpack": "cli.js"
      },
      "engines": {
        "node": ">=18"
      }
    }
  }
}
